{
  "name": "idea-maze",
  "version": "0.0.0",
  "lockfileVersion": 3,
  "requires": true,
  "packages": {
    "": {
      "name": "idea-maze",
      "version": "0.0.0",
      "workspaces": [
        "paani/**"
      ],
      "devDependencies": {
        "turbo": "1.7.2"
      },
      "engines": {
        "node": ">=19.3.0"
      }
    },
    "node_modules/turbo": {
      "version": "1.7.2",
      "resolved": "https://registry.npmjs.org/turbo/-/turbo-1.7.2.tgz",
      "integrity": "sha512-YR/x3GZEx0C1RV6Yvuw/HB1Ixx3upM6ZTTa4WqKz9WtLWN8u2g+u2h5KpG5YtjCS3wl/8zVXgHf2WiMK6KIghg==",
      "dev": true,
      "hasInstallScript": true,
      "bin": {
        "turbo": "bin/turbo"
      },
      "optionalDependencies": {
        "turbo-darwin-64": "1.7.2",
        "turbo-darwin-arm64": "1.7.2",
        "turbo-linux-64": "1.7.2",
        "turbo-linux-arm64": "1.7.2",
        "turbo-windows-64": "1.7.2",
        "turbo-windows-arm64": "1.7.2"
      }
    },
    "node_modules/turbo-darwin-64": {
      "version": "1.7.2",
      "resolved": "https://registry.npmjs.org/turbo-darwin-64/-/turbo-darwin-64-1.7.2.tgz",
      "integrity": "sha512-Sml3WR8MSu80W+gS8SnoKNImcDOlIX7zlvezzds65mW11yGniIFfZ18aKWGOm92Nj2SvXCQ2+UmyGghbFaHNmQ==",
      "cpu": [
        "x64"
      ],
      "dev": true,
      "optional": true,
      "os": [
        "darwin"
      ]
    },
    "node_modules/turbo-darwin-arm64": {
      "version": "1.7.2",
      "resolved": "https://registry.npmjs.org/turbo-darwin-arm64/-/turbo-darwin-arm64-1.7.2.tgz",
      "integrity": "sha512-JnlgGLScboUJGJxvmSsF+5xkImEDTMPg2FHzX4n8AMB9az9ZlPQAMtc+xu4p6Xp9eaykKiV2RG81YS3H0fxDLA==",
      "cpu": [
        "arm64"
      ],
      "dev": true,
      "optional": true,
      "os": [
        "darwin"
      ]
    },
    "node_modules/turbo-linux-64": {
      "version": "1.7.2",
      "resolved": "https://registry.npmjs.org/turbo-linux-64/-/turbo-linux-64-1.7.2.tgz",
      "integrity": "sha512-vbLJw6ovG+lpiPqxniscBjljKJ2jbsHuKp8uK4j/wqgp68wAVKeAZW77GGDAUgDb88XH6Kvhh2hcizL+iWduww==",
      "cpu": [
        "x64"
      ],
      "dev": true,
      "optional": true,
      "os": [
        "linux"
      ]
    },
    "node_modules/turbo-linux-arm64": {
      "version": "1.7.2",
      "resolved": "https://registry.npmjs.org/turbo-linux-arm64/-/turbo-linux-arm64-1.7.2.tgz",
      "integrity": "sha512-zLnuS8WdHonKL74KqOopOH/leBOWumlVGF8/8hldbDPq0mwY+6myRR5/5LdveB51rkG4UJh/sQ94xV67tjBoyw==",
      "cpu": [
        "arm64"
      ],
      "dev": true,
      "optional": true,
      "os": [
        "linux"
      ]
    },
    "node_modules/turbo-windows-64": {
      "version": "1.7.2",
      "resolved": "https://registry.npmjs.org/turbo-windows-64/-/turbo-windows-64-1.7.2.tgz",
      "integrity": "sha512-oE5PMoXjmR09okvVzteFb6FjA6yo+nMsacsgKH2yLNq4sOrVo9tG98JkRurOv5+L6ZQ3yGXPxWHiqeH7hLkAVQ==",
      "cpu": [
        "x64"
      ],
      "dev": true,
      "optional": true,
      "os": [
        "win32"
      ]
    },
    "node_modules/turbo-windows-arm64": {
      "version": "1.7.2",
      "resolved": "https://registry.npmjs.org/turbo-windows-arm64/-/turbo-windows-arm64-1.7.2.tgz",
      "integrity": "sha512-mdTUJk23acRv5qxA/yEstYhM1VFenVE3FDrssxGRFq7S80smtCGK1xUd4BEDDzDlVXOqBohmM5jRh9516rcjPQ==",
      "cpu": [
        "arm64"
      ],
      "dev": true,
      "optional": true,
      "os": [
        "win32"
      ]
    },
    "paani": {
      "version": "0.0.0",
      "extraneous": true,
      "license": "ISC",
      "devDependencies": {
        "gh-pages": "^4.0.0",
        "serve": "^14.0.1"
      }
    }
  }
}
